
Microsoft Visual Studio Solution File, Format Version 12.00
# Visual Studio 15
VisualStudioVersion = 15.0.27004.2008
MinimumVisualStudioVersion = 10.0.40219.1
Project("{FAE04EC0-301F-11D3-BF4B-00C04F79EFBC}") = "CommentApi", "CommentApi\CommentApi.csproj", "{4C2A444D-FFE1-4884-B7A5-F6D76C68F040}"
EndProject
Global
	GlobalSection(SolutionConfigurationPlatforms) = preSolution
		Debug|Any CPU = Debug|Any CPU
		Release|Any CPU = Release|Any CPU
	EndGlobalSection
	GlobalSection(ProjectConfigurationPlatforms) = postSolution
		{4C2A444D-FFE1-4884-B7A5-F6D76C68F040}.Debug|Any CPU.ActiveCfg = Debug|Any CPU
		{4C2A444D-FFE1-4884-B7A5-F6D76C68F040}.Debug|Any CPU.Build.0 = Debug|Any CPU
		{4C2A444D-FFE1-4884-B7A5-F6D76C68F040}.Release|Any CPU.ActiveCfg = Release|Any CPU
		{4C2A444D-FFE1-4884-B7A5-F6D76C68F040}.Release|Any CPU.Build.0 = Release|Any CPU
	EndGlobalSection
	GlobalSection(SolutionProperties) = preSolution
		HideSolutionNode = FALSE
	EndGlobalSection
	GlobalSection(ExtensibilityGlobals) = postSolution
		SolutionGuid = {A1886C44-4D87-47B7-A1B7-FFD263D9667E}
	EndGlobalSection
EndGlobal
